
Microsoft Visual Studio Solution File, Format Version 12.00
# Visual Studio Version 16
VisualStudioVersion = 16.0.30523.141
MinimumVisualStudioVersion = 10.0.40219.1
Project("{F184B08F-C81C-45F6-A57F-5ABD9991F28F}") = "NeaeraWebsite_2020_git", "NeaeraWebsite_2020_git\NeaeraWebsite_2020_git.vbproj", "{A8C07638-47BB-4540-83B8-4AFCF0B3D185}"
EndProject
Global
	GlobalSection(SolutionConfigurationPlatforms) = preSolution
		Debug|Any CPU = Debug|Any CPU
		Release|Any CPU = Release|Any CPU
	EndGlobalSection
	GlobalSection(ProjectConfigurationPlatforms) = postSolution
		{A8C07638-47BB-4540-83B8-4AFCF0B3D185}.Debug|Any CPU.ActiveCfg = Debug|Any CPU
		{A8C07638-47BB-4540-83B8-4AFCF0B3D185}.Debug|Any CPU.Build.0 = Debug|Any CPU
		{A8C07638-47BB-4540-83B8-4AFCF0B3D185}.Release|Any CPU.ActiveCfg = Release|Any CPU
		{A8C07638-47BB-4540-83B8-4AFCF0B3D185}.Release|Any CPU.Build.0 = Release|Any CPU
	EndGlobalSection
	GlobalSection(SolutionProperties) = preSolution
		HideSolutionNode = FALSE
	EndGlobalSection
	GlobalSection(ExtensibilityGlobals) = postSolution
		SolutionGuid = {00684526-3255-4FF9-BE9F-8875B6D30E68}
	EndGlobalSection
EndGlobal
